
Microsoft Visual Studio Solution File, Format Version 12.00
# Visual Studio Version 17
VisualStudioVersion = 17.14.35821.62 d17.14
MinimumVisualStudioVersion = 10.0.40219.1
Project("{FAE04EC0-301F-11D3-BF4B-00C04F79EFBC}") = "Sekota_McLauncher", "Sekota_McLauncher.csproj", "{EC23809B-5E89-4389-A5D0-0E57FF9A2A4E}"
EndProject
Global
	GlobalSection(SolutionConfigurationPlatforms) = preSolution
		Debug|Any CPU = Debug|Any CPU
		Release|Any CPU = Release|Any CPU
	EndGlobalSection
	GlobalSection(ProjectConfigurationPlatforms) = postSolution
		{EC23809B-5E89-4389-A5D0-0E57FF9A2A4E}.Debug|Any CPU.ActiveCfg = Debug|Any CPU
		{EC23809B-5E89-4389-A5D0-0E57FF9A2A4E}.Debug|Any CPU.Build.0 = Debug|Any CPU
		{EC23809B-5E89-4389-A5D0-0E57FF9A2A4E}.Release|Any CPU.ActiveCfg = Release|Any CPU
		{EC23809B-5E89-4389-A5D0-0E57FF9A2A4E}.Release|Any CPU.Build.0 = Release|Any CPU
	EndGlobalSection
	GlobalSection(SolutionProperties) = preSolution
		HideSolutionNode = FALSE
	EndGlobalSection
	GlobalSection(ExtensibilityGlobals) = postSolution
		SolutionGuid = {C5AFEC73-1368-47AD-8397-5106959526C3}
	EndGlobalSection
EndGlobal
